
Microsoft Visual Studio Solution File, Format Version 12.00
# Visual Studio Version 16
VisualStudioVersion = 16.0.28803.202
MinimumVisualStudioVersion = 10.0.40219.1
Project("{FAE04EC0-301F-11D3-BF4B-00C04F79EFBC}") = "noor_api", "noor_api\noor_api.csproj", "{8F6E3221-D843-49F2-A73A-E74D621901F2}"
EndProject
Project("{FAE04EC0-301F-11D3-BF4B-00C04F79EFBC}") = "DBEntityFremwork", "noor_api\DBEntityFremwork\DBEntityFremwork.csproj", "{5D264CC1-2406-40E8-8B7A-B5ADFB36E6B5}"
EndProject
Global
	GlobalSection(SolutionConfigurationPlatforms) = preSolution
		Debug|Any CPU = Debug|Any CPU
		Release|Any CPU = Release|Any CPU
	EndGlobalSection
	GlobalSection(ProjectConfigurationPlatforms) = postSolution
		{8F6E3221-D843-49F2-A73A-E74D621901F2}.Debug|Any CPU.ActiveCfg = Debug|Any CPU
		{8F6E3221-D843-49F2-A73A-E74D621901F2}.Debug|Any CPU.Build.0 = Debug|Any CPU
		{8F6E3221-D843-49F2-A73A-E74D621901F2}.Release|Any CPU.ActiveCfg = Release|Any CPU
		{8F6E3221-D843-49F2-A73A-E74D621901F2}.Release|Any CPU.Build.0 = Release|Any CPU
		{5D264CC1-2406-40E8-8B7A-B5ADFB36E6B5}.Debug|Any CPU.ActiveCfg = Debug|Any CPU
		{5D264CC1-2406-40E8-8B7A-B5ADFB36E6B5}.Debug|Any CPU.Build.0 = Debug|Any CPU
		{5D264CC1-2406-40E8-8B7A-B5ADFB36E6B5}.Release|Any CPU.ActiveCfg = Release|Any CPU
		{5D264CC1-2406-40E8-8B7A-B5ADFB36E6B5}.Release|Any CPU.Build.0 = Release|Any CPU
	EndGlobalSection
	GlobalSection(SolutionProperties) = preSolution
		HideSolutionNode = FALSE
	EndGlobalSection
	GlobalSection(ExtensibilityGlobals) = postSolution
		SolutionGuid = {F8AEC9C3-E805-4050-BF45-E9B650A6D814}
	EndGlobalSection
EndGlobal
